
Microsoft Visual Studio Solution File, Format Version 11.00
# Visual Studio 2010
Project("{FAE04EC0-301F-11D3-BF4B-00C04F79EFBC}") = "UsbCanFlasher", "UsbCanFlasher\UsbCanFlasher.csproj", "{EC516E9B-29CC-49E3-83B5-19AEC40F6CAA}"
EndProject
Project("{FAE04EC0-301F-11D3-BF4B-00C04F79EFBC}") = "AppiWorking", "AppiWorking\AppiWorking.csproj", "{F0B79856-02E6-41EC-8F95-4AA17604BA11}"
EndProject
Project("{FAE04EC0-301F-11D3-BF4B-00C04F79EFBC}") = "AppiDrvWinusb", "AppiDrvWinusb\AppiDrvWinusb.csproj", "{82EB0C22-FADE-497A-BE09-FFA3624D4E63}"
EndProject
Project("{FAE04EC0-301F-11D3-BF4B-00C04F79EFBC}") = "CanLine", "CanLine\CanLine.csproj", "{5BD64D61-F283-4833-B5A0-25EBE435AC89}"
EndProject
Project("{FAE04EC0-301F-11D3-BF4B-00C04F79EFBC}") = "CanLighthouse", "CanLighthouse\CanLighthouse.csproj", "{CBE7022D-922F-4BE4-B0DA-C9E595CA494F}"
EndProject
Project("{FAE04EC0-301F-11D3-BF4B-00C04F79EFBC}") = "IsoTP", "IsoTP\IsoTP.csproj", "{A45417B6-4547-4E98-B69E-4CB1CFE45F61}"
EndProject
Project("{2150E333-8FDC-42A3-9474-1A3956D46DE8}") = "Tools", "Tools", "{2568981D-B275-4E1D-85BF-0CB9D78207DB}"
EndProject
Project("{FAE04EC0-301F-11D3-BF4B-00C04F79EFBC}") = "TrackExtractor", "TrackExtractor\TrackExtractor.csproj", "{A28AE116-EC09-4C57-958B-4EFB8B69501A}"
EndProject
Project("{FAE04EC0-301F-11D3-BF4B-00C04F79EFBC}") = "BlokFrames", "BlokFrames\BlokFrames.csproj", "{405B0F26-46EE-4D8C-9267-652F7D4C4AB0}"
EndProject
Project("{FAE04EC0-301F-11D3-BF4B-00C04F79EFBC}") = "BlokFramesCodegen", "BlokFramesCodegen\BlokFramesCodegen.csproj", "{3D1978E9-0A08-43F2-956C-B7358275319A}"
EndProject
Global
	GlobalSection(SolutionConfigurationPlatforms) = preSolution
		Debug|Any CPU = Debug|Any CPU
		Debug|Mixed Platforms = Debug|Mixed Platforms
		Debug|x86 = Debug|x86
		Release|Any CPU = Release|Any CPU
		Release|Mixed Platforms = Release|Mixed Platforms
		Release|x86 = Release|x86
	EndGlobalSection
	GlobalSection(ProjectConfigurationPlatforms) = postSolution
		{EC516E9B-29CC-49E3-83B5-19AEC40F6CAA}.Debug|Any CPU.ActiveCfg = Debug|x86
		{EC516E9B-29CC-49E3-83B5-19AEC40F6CAA}.Debug|Mixed Platforms.ActiveCfg = Debug|x86
		{EC516E9B-29CC-49E3-83B5-19AEC40F6CAA}.Debug|Mixed Platforms.Build.0 = Debug|x86
		{EC516E9B-29CC-49E3-83B5-19AEC40F6CAA}.Debug|x86.ActiveCfg = Debug|x86
		{EC516E9B-29CC-49E3-83B5-19AEC40F6CAA}.Debug|x86.Build.0 = Debug|x86
		{EC516E9B-29CC-49E3-83B5-19AEC40F6CAA}.Release|Any CPU.ActiveCfg = Release|x86
		{EC516E9B-29CC-49E3-83B5-19AEC40F6CAA}.Release|Mixed Platforms.ActiveCfg = Release|x86
		{EC516E9B-29CC-49E3-83B5-19AEC40F6CAA}.Release|Mixed Platforms.Build.0 = Release|x86
		{EC516E9B-29CC-49E3-83B5-19AEC40F6CAA}.Release|x86.ActiveCfg = Release|x86
		{EC516E9B-29CC-49E3-83B5-19AEC40F6CAA}.Release|x86.Build.0 = Release|x86
		{F0B79856-02E6-41EC-8F95-4AA17604BA11}.Debug|Any CPU.ActiveCfg = Debug|Any CPU
		{F0B79856-02E6-41EC-8F95-4AA17604BA11}.Debug|Any CPU.Build.0 = Debug|Any CPU
		{F0B79856-02E6-41EC-8F95-4AA17604BA11}.Debug|Mixed Platforms.ActiveCfg = Debug|Any CPU
		{F0B79856-02E6-41EC-8F95-4AA17604BA11}.Debug|Mixed Platforms.Build.0 = Debug|Any CPU
		{F0B79856-02E6-41EC-8F95-4AA17604BA11}.Debug|x86.ActiveCfg = Debug|Any CPU
		{F0B79856-02E6-41EC-8F95-4AA17604BA11}.Release|Any CPU.ActiveCfg = Release|Any CPU
		{F0B79856-02E6-41EC-8F95-4AA17604BA11}.Release|Any CPU.Build.0 = Release|Any CPU
		{F0B79856-02E6-41EC-8F95-4AA17604BA11}.Release|Mixed Platforms.ActiveCfg = Release|Any CPU
		{F0B79856-02E6-41EC-8F95-4AA17604BA11}.Release|Mixed Platforms.Build.0 = Release|Any CPU
		{F0B79856-02E6-41EC-8F95-4AA17604BA11}.Release|x86.ActiveCfg = Release|Any CPU
		{82EB0C22-FADE-497A-BE09-FFA3624D4E63}.Debug|Any CPU.ActiveCfg = Debug|Any CPU
		{82EB0C22-FADE-497A-BE09-FFA3624D4E63}.Debug|Any CPU.Build.0 = Debug|Any CPU
		{82EB0C22-FADE-497A-BE09-FFA3624D4E63}.Debug|Mixed Platforms.ActiveCfg = Debug|Any CPU
		{82EB0C22-FADE-497A-BE09-FFA3624D4E63}.Debug|Mixed Platforms.Build.0 = Debug|Any CPU
		{82EB0C22-FADE-497A-BE09-FFA3624D4E63}.Debug|x86.ActiveCfg = Debug|Any CPU
		{82EB0C22-FADE-497A-BE09-FFA3624D4E63}.Release|Any CPU.ActiveCfg = Release|Any CPU
		{82EB0C22-FADE-497A-BE09-FFA3624D4E63}.Release|Any CPU.Build.0 = Release|Any CPU
		{82EB0C22-FADE-497A-BE09-FFA3624D4E63}.Release|Mixed Platforms.ActiveCfg = Release|Any CPU
		{82EB0C22-FADE-497A-BE09-FFA3624D4E63}.Release|Mixed Platforms.Build.0 = Release|Any CPU
		{82EB0C22-FADE-497A-BE09-FFA3624D4E63}.Release|x86.ActiveCfg = Release|Any CPU
		{5BD64D61-F283-4833-B5A0-25EBE435AC89}.Debug|Any CPU.ActiveCfg = Debug|Any CPU
		{5BD64D61-F283-4833-B5A0-25EBE435AC89}.Debug|Any CPU.Build.0 = Debug|Any CPU
		{5BD64D61-F283-4833-B5A0-25EBE435AC89}.Debug|Mixed Platforms.ActiveCfg = Debug|Any CPU
		{5BD64D61-F283-4833-B5A0-25EBE435AC89}.Debug|Mixed Platforms.Build.0 = Debug|Any CPU
		{5BD64D61-F283-4833-B5A0-25EBE435AC89}.Debug|x86.ActiveCfg = Debug|Any CPU
		{5BD64D61-F283-4833-B5A0-25EBE435AC89}.Release|Any CPU.ActiveCfg = Release|Any CPU
		{5BD64D61-F283-4833-B5A0-25EBE435AC89}.Release|Any CPU.Build.0 = Release|Any CPU
		{5BD64D61-F283-4833-B5A0-25EBE435AC89}.Release|Mixed Platforms.ActiveCfg = Release|Any CPU
		{5BD64D61-F283-4833-B5A0-25EBE435AC89}.Release|Mixed Platforms.Build.0 = Release|Any CPU
		{5BD64D61-F283-4833-B5A0-25EBE435AC89}.Release|x86.ActiveCfg = Release|Any CPU
		{CBE7022D-922F-4BE4-B0DA-C9E595CA494F}.Debug|Any CPU.ActiveCfg = Debug|x86
		{CBE7022D-922F-4BE4-B0DA-C9E595CA494F}.Debug|Mixed Platforms.ActiveCfg = Debug|x86
		{CBE7022D-922F-4BE4-B0DA-C9E595CA494F}.Debug|Mixed Platforms.Build.0 = Debug|x86
		{CBE7022D-922F-4BE4-B0DA-C9E595CA494F}.Debug|x86.ActiveCfg = Debug|x86
		{CBE7022D-922F-4BE4-B0DA-C9E595CA494F}.Debug|x86.Build.0 = Debug|x86
		{CBE7022D-922F-4BE4-B0DA-C9E595CA494F}.Release|Any CPU.ActiveCfg = Release|x86
		{CBE7022D-922F-4BE4-B0DA-C9E595CA494F}.Release|Mixed Platforms.ActiveCfg = Release|x86
		{CBE7022D-922F-4BE4-B0DA-C9E595CA494F}.Release|Mixed Platforms.Build.0 = Release|x86
		{CBE7022D-922F-4BE4-B0DA-C9E595CA494F}.Release|x86.ActiveCfg = Release|x86
		{CBE7022D-922F-4BE4-B0DA-C9E595CA494F}.Release|x86.Build.0 = Release|x86
		{A45417B6-4547-4E98-B69E-4CB1CFE45F61}.Debug|Any CPU.ActiveCfg = Debug|Any CPU
		{A45417B6-4547-4E98-B69E-4CB1CFE45F61}.Debug|Any CPU.Build.0 = Debug|Any CPU
		{A45417B6-4547-4E98-B69E-4CB1CFE45F61}.Debug|Mixed Platforms.ActiveCfg = Debug|Any CPU
		{A45417B6-4547-4E98-B69E-4CB1CFE45F61}.Debug|Mixed Platforms.Build.0 = Debug|Any CPU
		{A45417B6-4547-4E98-B69E-4CB1CFE45F61}.Debug|x86.ActiveCfg = Debug|Any CPU
		{A45417B6-4547-4E98-B69E-4CB1CFE45F61}.Release|Any CPU.ActiveCfg = Release|Any CPU
		{A45417B6-4547-4E98-B69E-4CB1CFE45F61}.Release|Any CPU.Build.0 = Release|Any CPU
		{A45417B6-4547-4E98-B69E-4CB1CFE45F61}.Release|Mixed Platforms.ActiveCfg = Release|Any CPU
		{A45417B6-4547-4E98-B69E-4CB1CFE45F61}.Release|Mixed Platforms.Build.0 = Release|Any CPU
		{A45417B6-4547-4E98-B69E-4CB1CFE45F61}.Release|x86.ActiveCfg = Release|Any CPU
		{A28AE116-EC09-4C57-958B-4EFB8B69501A}.Debug|Any CPU.ActiveCfg = Debug|x86
		{A28AE116-EC09-4C57-958B-4EFB8B69501A}.Debug|Mixed Platforms.ActiveCfg = Debug|x86
		{A28AE116-EC09-4C57-958B-4EFB8B69501A}.Debug|Mixed Platforms.Build.0 = Debug|x86
		{A28AE116-EC09-4C57-958B-4EFB8B69501A}.Debug|x86.ActiveCfg = Debug|x86
		{A28AE116-EC09-4C57-958B-4EFB8B69501A}.Debug|x86.Build.0 = Debug|x86
		{A28AE116-EC09-4C57-958B-4EFB8B69501A}.Release|Any CPU.ActiveCfg = Release|x86
		{A28AE116-EC09-4C57-958B-4EFB8B69501A}.Release|Mixed Platforms.ActiveCfg = Release|x86
		{A28AE116-EC09-4C57-958B-4EFB8B69501A}.Release|Mixed Platforms.Build.0 = Release|x86
		{A28AE116-EC09-4C57-958B-4EFB8B69501A}.Release|x86.ActiveCfg = Release|x86
		{A28AE116-EC09-4C57-958B-4EFB8B69501A}.Release|x86.Build.0 = Release|x86
		{405B0F26-46EE-4D8C-9267-652F7D4C4AB0}.Debug|Any CPU.ActiveCfg = Debug|Any CPU
		{405B0F26-46EE-4D8C-9267-652F7D4C4AB0}.Debug|Any CPU.Build.0 = Debug|Any CPU
		{405B0F26-46EE-4D8C-9267-652F7D4C4AB0}.Debug|Mixed Platforms.ActiveCfg = Debug|Any CPU
		{405B0F26-46EE-4D8C-9267-652F7D4C4AB0}.Debug|Mixed Platforms.Build.0 = Debug|Any CPU
		{405B0F26-46EE-4D8C-9267-652F7D4C4AB0}.Debug|x86.ActiveCfg = Debug|Any CPU
		{405B0F26-46EE-4D8C-9267-652F7D4C4AB0}.Release|Any CPU.ActiveCfg = Release|Any CPU
		{405B0F26-46EE-4D8C-9267-652F7D4C4AB0}.Release|Any CPU.Build.0 = Release|Any CPU
		{405B0F26-46EE-4D8C-9267-652F7D4C4AB0}.Release|Mixed Platforms.ActiveCfg = Release|Any CPU
		{405B0F26-46EE-4D8C-9267-652F7D4C4AB0}.Release|Mixed Platforms.Build.0 = Release|Any CPU
		{405B0F26-46EE-4D8C-9267-652F7D4C4AB0}.Release|x86.ActiveCfg = Release|Any CPU
		{3D1978E9-0A08-43F2-956C-B7358275319A}.Debug|Any CPU.ActiveCfg = Debug|x86
		{3D1978E9-0A08-43F2-956C-B7358275319A}.Debug|Mixed Platforms.ActiveCfg = Debug|x86
		{3D1978E9-0A08-43F2-956C-B7358275319A}.Debug|Mixed Platforms.Build.0 = Debug|x86
		{3D1978E9-0A08-43F2-956C-B7358275319A}.Debug|x86.ActiveCfg = Debug|x86
		{3D1978E9-0A08-43F2-956C-B7358275319A}.Debug|x86.Build.0 = Debug|x86
		{3D1978E9-0A08-43F2-956C-B7358275319A}.Release|Any CPU.ActiveCfg = Release|x86
		{3D1978E9-0A08-43F2-956C-B7358275319A}.Release|Mixed Platforms.ActiveCfg = Release|x86
		{3D1978E9-0A08-43F2-956C-B7358275319A}.Release|Mixed Platforms.Build.0 = Release|x86
		{3D1978E9-0A08-43F2-956C-B7358275319A}.Release|x86.ActiveCfg = Release|x86
		{3D1978E9-0A08-43F2-956C-B7358275319A}.Release|x86.Build.0 = Release|x86
	EndGlobalSection
	GlobalSection(SolutionProperties) = preSolution
		HideSolutionNode = FALSE
	EndGlobalSection
	GlobalSection(NestedProjects) = preSolution
		{A28AE116-EC09-4C57-958B-4EFB8B69501A} = {2568981D-B275-4E1D-85BF-0CB9D78207DB}
		{3D1978E9-0A08-43F2-956C-B7358275319A} = {2568981D-B275-4E1D-85BF-0CB9D78207DB}
	EndGlobalSection
EndGlobal
