
Microsoft Visual Studio Solution File, Format Version 11.00
# Visual Studio 2010
Project("{FAE04EC0-301F-11D3-BF4B-00C04F79EFBC}") = "UsbCanFlasher", "UsbCanFlasher\UsbCanFlasher.csproj", "{EC516E9B-29CC-49E3-83B5-19AEC40F6CAA}"
EndProject
Project("{FAE04EC0-301F-11D3-BF4B-00C04F79EFBC}") = "AppiWorking", "AppiWorking\AppiWorking.csproj", "{F0B79856-02E6-41EC-8F95-4AA17604BA11}"
EndProject
Project("{FAE04EC0-301F-11D3-BF4B-00C04F79EFBC}") = "AppiDrvWinusb", "AppiDrvWinusb\AppiDrvWinusb.csproj", "{82EB0C22-FADE-497A-BE09-FFA3624D4E63}"
EndProject
Global
	GlobalSection(SolutionConfigurationPlatforms) = preSolution
		Debug|Any CPU = Debug|Any CPU
		Debug|Mixed Platforms = Debug|Mixed Platforms
		Debug|x86 = Debug|x86
		Release|Any CPU = Release|Any CPU
		Release|Mixed Platforms = Release|Mixed Platforms
		Release|x86 = Release|x86
	EndGlobalSection
	GlobalSection(ProjectConfigurationPlatforms) = postSolution
		{EC516E9B-29CC-49E3-83B5-19AEC40F6CAA}.Debug|Any CPU.ActiveCfg = Debug|x86
		{EC516E9B-29CC-49E3-83B5-19AEC40F6CAA}.Debug|Mixed Platforms.ActiveCfg = Debug|x86
		{EC516E9B-29CC-49E3-83B5-19AEC40F6CAA}.Debug|Mixed Platforms.Build.0 = Debug|x86
		{EC516E9B-29CC-49E3-83B5-19AEC40F6CAA}.Debug|x86.ActiveCfg = Debug|x86
		{EC516E9B-29CC-49E3-83B5-19AEC40F6CAA}.Debug|x86.Build.0 = Debug|x86
		{EC516E9B-29CC-49E3-83B5-19AEC40F6CAA}.Release|Any CPU.ActiveCfg = Release|x86
		{EC516E9B-29CC-49E3-83B5-19AEC40F6CAA}.Release|Mixed Platforms.ActiveCfg = Release|x86
		{EC516E9B-29CC-49E3-83B5-19AEC40F6CAA}.Release|Mixed Platforms.Build.0 = Release|x86
		{EC516E9B-29CC-49E3-83B5-19AEC40F6CAA}.Release|x86.ActiveCfg = Release|x86
		{EC516E9B-29CC-49E3-83B5-19AEC40F6CAA}.Release|x86.Build.0 = Release|x86
		{F0B79856-02E6-41EC-8F95-4AA17604BA11}.Debug|Any CPU.ActiveCfg = Debug|Any CPU
		{F0B79856-02E6-41EC-8F95-4AA17604BA11}.Debug|Any CPU.Build.0 = Debug|Any CPU
		{F0B79856-02E6-41EC-8F95-4AA17604BA11}.Debug|Mixed Platforms.ActiveCfg = Debug|Any CPU
		{F0B79856-02E6-41EC-8F95-4AA17604BA11}.Debug|Mixed Platforms.Build.0 = Debug|Any CPU
		{F0B79856-02E6-41EC-8F95-4AA17604BA11}.Debug|x86.ActiveCfg = Debug|Any CPU
		{F0B79856-02E6-41EC-8F95-4AA17604BA11}.Release|Any CPU.ActiveCfg = Release|Any CPU
		{F0B79856-02E6-41EC-8F95-4AA17604BA11}.Release|Any CPU.Build.0 = Release|Any CPU
		{F0B79856-02E6-41EC-8F95-4AA17604BA11}.Release|Mixed Platforms.ActiveCfg = Release|Any CPU
		{F0B79856-02E6-41EC-8F95-4AA17604BA11}.Release|Mixed Platforms.Build.0 = Release|Any CPU
		{F0B79856-02E6-41EC-8F95-4AA17604BA11}.Release|x86.ActiveCfg = Release|Any CPU
		{82EB0C22-FADE-497A-BE09-FFA3624D4E63}.Debug|Any CPU.ActiveCfg = Debug|Any CPU
		{82EB0C22-FADE-497A-BE09-FFA3624D4E63}.Debug|Any CPU.Build.0 = Debug|Any CPU
		{82EB0C22-FADE-497A-BE09-FFA3624D4E63}.Debug|Mixed Platforms.ActiveCfg = Debug|Any CPU
		{82EB0C22-FADE-497A-BE09-FFA3624D4E63}.Debug|Mixed Platforms.Build.0 = Debug|Any CPU
		{82EB0C22-FADE-497A-BE09-FFA3624D4E63}.Debug|x86.ActiveCfg = Debug|Any CPU
		{82EB0C22-FADE-497A-BE09-FFA3624D4E63}.Release|Any CPU.ActiveCfg = Release|Any CPU
		{82EB0C22-FADE-497A-BE09-FFA3624D4E63}.Release|Any CPU.Build.0 = Release|Any CPU
		{82EB0C22-FADE-497A-BE09-FFA3624D4E63}.Release|Mixed Platforms.ActiveCfg = Release|Any CPU
		{82EB0C22-FADE-497A-BE09-FFA3624D4E63}.Release|Mixed Platforms.Build.0 = Release|Any CPU
		{82EB0C22-FADE-497A-BE09-FFA3624D4E63}.Release|x86.ActiveCfg = Release|Any CPU
	EndGlobalSection
	GlobalSection(SolutionProperties) = preSolution
		HideSolutionNode = FALSE
	EndGlobalSection
EndGlobal
